
Microsoft Visual Studio Solution File, Format Version 12.00
# Visual Studio Version 16
VisualStudioVersion = 16.0.29613.14
MinimumVisualStudioVersion = 10.0.40219.1
Project("{8BC9CEB8-8B4A-11D0-8D11-00A0C91BC942}") = "dbjsqluser", "dbjsqluser.vcxproj", "{C0B416AE-9F00-4887-A647-A6B65C95A635}"
EndProject
Project("{8BC9CEB8-8B4A-11D0-8D11-00A0C91BC942}") = "thash_db_benchmarking_", "hash_db\thash_db.vcxproj", "{E768B5FB-1948-4537-AB75-E2B0512772D0}"
EndProject
Project("{8BC9CEB8-8B4A-11D0-8D11-00A0C91BC942}") = "sha1", "hash_db\sha1.vcxproj", "{CE493F43-F873-4EB8-AB7F-276B1EFA5B7A}"
EndProject
Project("{8BC9CEB8-8B4A-11D0-8D11-00A0C91BC942}") = "db_hashing_tool_", "hash_db\db_hashing_tool_.vcxproj", "{06ECF511-3985-4E56-941D-49E0BBAADF94}"
EndProject
Global
	GlobalSection(SolutionConfigurationPlatforms) = preSolution
		Debug|x64 = Debug|x64
		Debug|x86 = Debug|x86
		Release|x64 = Release|x64
		Release|x86 = Release|x86
	EndGlobalSection
	GlobalSection(ProjectConfigurationPlatforms) = postSolution
		{C0B416AE-9F00-4887-A647-A6B65C95A635}.Debug|x64.ActiveCfg = Debug|x64
		{C0B416AE-9F00-4887-A647-A6B65C95A635}.Debug|x64.Build.0 = Debug|x64
		{C0B416AE-9F00-4887-A647-A6B65C95A635}.Debug|x86.ActiveCfg = Debug|x64
		{C0B416AE-9F00-4887-A647-A6B65C95A635}.Release|x64.ActiveCfg = Release|x64
		{C0B416AE-9F00-4887-A647-A6B65C95A635}.Release|x64.Build.0 = Release|x64
		{C0B416AE-9F00-4887-A647-A6B65C95A635}.Release|x86.ActiveCfg = Release|x64
		{E768B5FB-1948-4537-AB75-E2B0512772D0}.Debug|x64.ActiveCfg = Debug|x64
		{E768B5FB-1948-4537-AB75-E2B0512772D0}.Debug|x64.Build.0 = Debug|x64
		{E768B5FB-1948-4537-AB75-E2B0512772D0}.Debug|x86.ActiveCfg = Debug|Win32
		{E768B5FB-1948-4537-AB75-E2B0512772D0}.Debug|x86.Build.0 = Debug|Win32
		{E768B5FB-1948-4537-AB75-E2B0512772D0}.Release|x64.ActiveCfg = Release|x64
		{E768B5FB-1948-4537-AB75-E2B0512772D0}.Release|x64.Build.0 = Release|x64
		{E768B5FB-1948-4537-AB75-E2B0512772D0}.Release|x86.ActiveCfg = Release|Win32
		{E768B5FB-1948-4537-AB75-E2B0512772D0}.Release|x86.Build.0 = Release|Win32
		{CE493F43-F873-4EB8-AB7F-276B1EFA5B7A}.Debug|x64.ActiveCfg = Debug|x64
		{CE493F43-F873-4EB8-AB7F-276B1EFA5B7A}.Debug|x64.Build.0 = Debug|x64
		{CE493F43-F873-4EB8-AB7F-276B1EFA5B7A}.Debug|x86.ActiveCfg = Debug|Win32
		{CE493F43-F873-4EB8-AB7F-276B1EFA5B7A}.Debug|x86.Build.0 = Debug|Win32
		{CE493F43-F873-4EB8-AB7F-276B1EFA5B7A}.Release|x64.ActiveCfg = Release|x64
		{CE493F43-F873-4EB8-AB7F-276B1EFA5B7A}.Release|x64.Build.0 = Release|x64
		{CE493F43-F873-4EB8-AB7F-276B1EFA5B7A}.Release|x86.ActiveCfg = Release|Win32
		{CE493F43-F873-4EB8-AB7F-276B1EFA5B7A}.Release|x86.Build.0 = Release|Win32
		{06ECF511-3985-4E56-941D-49E0BBAADF94}.Debug|x64.ActiveCfg = Debug|x64
		{06ECF511-3985-4E56-941D-49E0BBAADF94}.Debug|x64.Build.0 = Debug|x64
		{06ECF511-3985-4E56-941D-49E0BBAADF94}.Debug|x86.ActiveCfg = Debug|Win32
		{06ECF511-3985-4E56-941D-49E0BBAADF94}.Debug|x86.Build.0 = Debug|Win32
		{06ECF511-3985-4E56-941D-49E0BBAADF94}.Release|x64.ActiveCfg = Release|x64
		{06ECF511-3985-4E56-941D-49E0BBAADF94}.Release|x64.Build.0 = Release|x64
		{06ECF511-3985-4E56-941D-49E0BBAADF94}.Release|x86.ActiveCfg = Release|Win32
		{06ECF511-3985-4E56-941D-49E0BBAADF94}.Release|x86.Build.0 = Release|Win32
	EndGlobalSection
	GlobalSection(SolutionProperties) = preSolution
		HideSolutionNode = FALSE
	EndGlobalSection
	GlobalSection(ExtensibilityGlobals) = postSolution
		SolutionGuid = {676A382B-4095-438D-8136-5F35F27EBB22}
	EndGlobalSection
EndGlobal
